
Microsoft Visual Studio Solution File, Format Version 12.00
Project("{FAE04EC0-301F-11D3-BF4B-00C04F79EFBC}") = "VisitService", "VisitService\VisitService.csproj", "{85916268-F0E5-4E59-BBF4-CCECE5E7677A}"
EndProject
Global
	GlobalSection(SolutionConfigurationPlatforms) = preSolution
		Debug|Any CPU = Debug|Any CPU
		Release|Any CPU = Release|Any CPU
	EndGlobalSection
	GlobalSection(ProjectConfigurationPlatforms) = postSolution
		{85916268-F0E5-4E59-BBF4-CCECE5E7677A}.Debug|Any CPU.ActiveCfg = Debug|Any CPU
		{85916268-F0E5-4E59-BBF4-CCECE5E7677A}.Debug|Any CPU.Build.0 = Debug|Any CPU
		{85916268-F0E5-4E59-BBF4-CCECE5E7677A}.Release|Any CPU.ActiveCfg = Release|Any CPU
		{85916268-F0E5-4E59-BBF4-CCECE5E7677A}.Release|Any CPU.Build.0 = Release|Any CPU
	EndGlobalSection
EndGlobal
